
Microsoft Visual Studio Solution File, Format Version 12.00
# Visual Studio Version 16
VisualStudioVersion = 16.0.28803.352
MinimumVisualStudioVersion = 10.0.40219.1
Project("{FAE04EC0-301F-11D3-BF4B-00C04F79EFBC}") = "WinFormFramworkStudy", "WinFormFramworkStudy\WinFormFramworkStudy.csproj", "{51B951C5-FFB3-4E73-90A4-B27534B429C3}"
EndProject
Project("{FAE04EC0-301F-11D3-BF4B-00C04F79EFBC}") = "PointlessCalc", "PointlessCalc\PointlessCalc.csproj", "{0FBB7321-0CA2-4803-AD84-B4E5F5A1937D}"
EndProject
Project("{FAE04EC0-301F-11D3-BF4B-00C04F79EFBC}") = "PointlessCalcTest", "PointlessCalcTest\PointlessCalcTest.csproj", "{5BE4BC0B-5F8A-4595-A20D-6B5562663B4F}"
EndProject
Global
	GlobalSection(SolutionConfigurationPlatforms) = preSolution
		Debug|Any CPU = Debug|Any CPU
		Release|Any CPU = Release|Any CPU
	EndGlobalSection
	GlobalSection(ProjectConfigurationPlatforms) = postSolution
		{51B951C5-FFB3-4E73-90A4-B27534B429C3}.Debug|Any CPU.ActiveCfg = Debug|Any CPU
		{51B951C5-FFB3-4E73-90A4-B27534B429C3}.Debug|Any CPU.Build.0 = Debug|Any CPU
		{51B951C5-FFB3-4E73-90A4-B27534B429C3}.Release|Any CPU.ActiveCfg = Release|Any CPU
		{51B951C5-FFB3-4E73-90A4-B27534B429C3}.Release|Any CPU.Build.0 = Release|Any CPU
		{0FBB7321-0CA2-4803-AD84-B4E5F5A1937D}.Debug|Any CPU.ActiveCfg = Debug|Any CPU
		{0FBB7321-0CA2-4803-AD84-B4E5F5A1937D}.Debug|Any CPU.Build.0 = Debug|Any CPU
		{0FBB7321-0CA2-4803-AD84-B4E5F5A1937D}.Release|Any CPU.ActiveCfg = Release|Any CPU
		{0FBB7321-0CA2-4803-AD84-B4E5F5A1937D}.Release|Any CPU.Build.0 = Release|Any CPU
		{5BE4BC0B-5F8A-4595-A20D-6B5562663B4F}.Debug|Any CPU.ActiveCfg = Debug|Any CPU
		{5BE4BC0B-5F8A-4595-A20D-6B5562663B4F}.Debug|Any CPU.Build.0 = Debug|Any CPU
		{5BE4BC0B-5F8A-4595-A20D-6B5562663B4F}.Release|Any CPU.ActiveCfg = Release|Any CPU
		{5BE4BC0B-5F8A-4595-A20D-6B5562663B4F}.Release|Any CPU.Build.0 = Release|Any CPU
	EndGlobalSection
	GlobalSection(SolutionProperties) = preSolution
		HideSolutionNode = FALSE
	EndGlobalSection
	GlobalSection(ExtensibilityGlobals) = postSolution
		SolutionGuid = {7EED9019-6E75-4C4A-B532-49FED5C94C34}
	EndGlobalSection
EndGlobal
